<?xml version="1.0" encoding="utf-8"?>
<Project ToolsVersion="4.0" xmlns="http://schemas.microsoft.com/developer/msbuild/2003">
  <ItemGroup>
    <Filter Include="Source Files">
      <UniqueIdentifier>{4FC737F1-C7A5-4376-A066-2A32D752A2FF}</UniqueIdentifier>
      <Extensions>cpp;c;cc;cxx;def;odl;idl;hpj;bat;asm;asmx</Extensions>
    </Filter>
  </ItemGroup>
  <ItemGroup>
    <ClCompile Include="AccountInfoExample.cpp">
      <Filter>Source Files</Filter>
    </ClCompile>
    <ClCompile Include="ApiTestConsole.cpp">
      <Filter>Source Files</Filter>
    </ClCompile>
    <ClCompile Include="AsyncExample.cpp">
      <Filter>Source Files</Filter>
    </ClCompile>
    <ClCompile Include="AuthenticationTokenHandler.cpp">
      <Filter>Source Files</Filter>
    </ClCompile>
    <ClCompile Include="MarketDataExample.cpp">
      <Filter>Source Files</Filter>
    </ClCompile>
    <ClCompile Include="OrdersExample.cpp">
      <Filter>Source Files</Filter>
    </ClCompile>
    <ClCompile Include="SimpleExample.cpp">
      <Filter>Source Files</Filter>
    </ClCompile>
    <ClCompile Include="StreamExample.cpp">
      <Filter>Source Files</Filter>
    </ClCompile>
  </ItemGroup>
  <ItemGroup>
    <ClInclude Include="ApiTestDefines.h">
      <Filter>Source Files</Filter>
    </ClInclude>
    <ClInclude Include="AuthenticationTokenHandler.h">
      <Filter>Source Files</Filter>
    </ClInclude>
  </ItemGroup>
</Project>